schema: '2.0'
stages:
  validate:
    cmd: python src/data_validation.py
    deps:
    - path: data/raw/reviews.csv
      hash: md5
      md5: 5baab0b5aa0ab243ed00db96cb5e2a2e
      size: 1695
  preprocess:
    cmd: python src/preprocessing.py
    deps:
    - path: data/raw/reviews.csv
      hash: md5
      md5: 5baab0b5aa0ab243ed00db96cb5e2a2e
      size: 1695
    outs:
    - path: data/processed/clean.csv
      hash: md5
      md5: 70be7b9d47535858d04eb22242ce9ecd
      size: 1692
  train:
    cmd: python src/train.py
    deps:
    - path: data/processed/clean.csv
      hash: md5
      md5: 70be7b9d47535858d04eb22242ce9ecd
      size: 1692
    outs:
    - path: models/model.pkl
      hash: md5
      md5: 08ea59f3140f6f5dab5a263d3c4d9db1
      size: 6591
