schema: '2.0'
stages:
  validate:
    cmd: python src/data_validation.py
    deps:
    - path: data/raw/reviews.csv
      hash: md5
      md5: f2003bfb55b4100eb92881e48676c9b4
      size: 1737
  preprocess:
    cmd: python src/preprocessing.py
    deps:
    - path: data/raw/reviews.csv
      hash: md5
      md5: f2003bfb55b4100eb92881e48676c9b4
      size: 1737
    outs:
    - path: data/processed/clean.csv
      hash: md5
      md5: c9c9cd0bcd562b66d8c6578f1d4cd767
      size: 1734
  train:
    cmd: python src/train.py
    deps:
    - path: data/processed/clean.csv
      hash: md5
      md5: c9c9cd0bcd562b66d8c6578f1d4cd767
      size: 1734
    outs:
    - path: models/model.pkl
      hash: md5
      md5: 82dec8dde0651387f7082f0bb3347216
      size: 6588
